{
  "name": "Portafolio",
  "lockfileVersion": 3,
  "requires": true,
  "packages": {
    "": {
      "dependencies": {
        "@emailjs/browser": "^3.12.1"
      }
    },
    "node_modules/@emailjs/browser": {
      "version": "3.12.1",
      "resolved": "https://registry.npmjs.org/@emailjs/browser/-/browser-3.12.1.tgz",
      "integrity": "sha512-C5nK07CgSCFx3onsuRt/ZaaMvIi0T3SHHanM7fKozjSvbZu+OjHHP9W608fYpic0OavF7yIlfy4+lRDO33JdbA==",
      "engines": {
        "node": ">=14.0.0"
      }
    }
  }
}
